
Microsoft Visual Studio Solution File, Format Version 12.00
# Visual Studio Version 17
VisualStudioVersion = 17.0.31903.59
MinimumVisualStudioVersion = 10.0.40219.1
Project("{9A19103F-16F7-4668-BE54-9A1E7A4F7556}") = "PokemonInfoAPI", "src\PokemonInfoAPI\PokemonInfoAPI.csproj", "{EE1EEA93-1075-46C3-85AD-0F9C7C73B1D2}"
EndProject
Project("{9A19103F-16F7-4668-BE54-9A1E7A4F7556}") = "PokemonInfo.Entities", "src\PokemonInfo.Entities\PokemonInfo.Entities.csproj", "{F29D4275-3CBA-442E-B4F8-93D7052FC8C7}"
EndProject
Project("{9A19103F-16F7-4668-BE54-9A1E7A4F7556}") = "PokemonInfo.Services", "src\PokemonInfo.Services\PokemonInfo.Services.csproj", "{5D283EE4-43C0-4832-AD39-0C442CD58C77}"
EndProject
Project("{2150E333-8FDC-42A3-9474-1A3956D46DE8}") = "tests", "tests", "{57BC68CC-FF7D-426B-ABBB-CE4BB454361C}"
EndProject
Project("{2150E333-8FDC-42A3-9474-1A3956D46DE8}") = "src", "src", "{AED12D2C-B25A-4E49-841D-59807AA565DA}"
EndProject
Project("{2150E333-8FDC-42A3-9474-1A3956D46DE8}") = "Solution Items", "Solution Items", "{E7C7D8DF-6035-4639-8B01-8F2BEB7670D7}"
	ProjectSection(SolutionItems) = preProject
		Readme.md = Readme.md
	EndProjectSection
EndProject
Project("{9A19103F-16F7-4668-BE54-9A1E7A4F7556}") = "PokemonInfoAPI.Integration.Tests", "tests\PokemonInfoAPI.Integration.Tests\PokemonInfoAPI.Integration.Tests.csproj", "{0139AAAE-8A9F-40FF-9898-3BFD17C0C4C9}"
EndProject
Project("{FAE04EC0-301F-11D3-BF4B-00C04F79EFBC}") = "PokemonInfoAPI.Tests", "tests\PokemonInfoAPI.Tests\PokemonInfoAPI.Tests.csproj", "{D632D824-9E26-4A13-91A7-F385A7F41A37}"
EndProject
Global
	GlobalSection(SolutionConfigurationPlatforms) = preSolution
		Debug|Any CPU = Debug|Any CPU
		Release|Any CPU = Release|Any CPU
	EndGlobalSection
	GlobalSection(ProjectConfigurationPlatforms) = postSolution
		{EE1EEA93-1075-46C3-85AD-0F9C7C73B1D2}.Debug|Any CPU.ActiveCfg = Debug|Any CPU
		{EE1EEA93-1075-46C3-85AD-0F9C7C73B1D2}.Debug|Any CPU.Build.0 = Debug|Any CPU
		{EE1EEA93-1075-46C3-85AD-0F9C7C73B1D2}.Release|Any CPU.ActiveCfg = Release|Any CPU
		{EE1EEA93-1075-46C3-85AD-0F9C7C73B1D2}.Release|Any CPU.Build.0 = Release|Any CPU
		{F29D4275-3CBA-442E-B4F8-93D7052FC8C7}.Debug|Any CPU.ActiveCfg = Debug|Any CPU
		{F29D4275-3CBA-442E-B4F8-93D7052FC8C7}.Debug|Any CPU.Build.0 = Debug|Any CPU
		{F29D4275-3CBA-442E-B4F8-93D7052FC8C7}.Release|Any CPU.ActiveCfg = Release|Any CPU
		{F29D4275-3CBA-442E-B4F8-93D7052FC8C7}.Release|Any CPU.Build.0 = Release|Any CPU
		{5D283EE4-43C0-4832-AD39-0C442CD58C77}.Debug|Any CPU.ActiveCfg = Debug|Any CPU
		{5D283EE4-43C0-4832-AD39-0C442CD58C77}.Debug|Any CPU.Build.0 = Debug|Any CPU
		{5D283EE4-43C0-4832-AD39-0C442CD58C77}.Release|Any CPU.ActiveCfg = Release|Any CPU
		{5D283EE4-43C0-4832-AD39-0C442CD58C77}.Release|Any CPU.Build.0 = Release|Any CPU
		{0139AAAE-8A9F-40FF-9898-3BFD17C0C4C9}.Debug|Any CPU.ActiveCfg = Debug|Any CPU
		{0139AAAE-8A9F-40FF-9898-3BFD17C0C4C9}.Debug|Any CPU.Build.0 = Debug|Any CPU
		{0139AAAE-8A9F-40FF-9898-3BFD17C0C4C9}.Release|Any CPU.ActiveCfg = Release|Any CPU
		{0139AAAE-8A9F-40FF-9898-3BFD17C0C4C9}.Release|Any CPU.Build.0 = Release|Any CPU
		{D632D824-9E26-4A13-91A7-F385A7F41A37}.Debug|Any CPU.ActiveCfg = Debug|Any CPU
		{D632D824-9E26-4A13-91A7-F385A7F41A37}.Debug|Any CPU.Build.0 = Debug|Any CPU
		{D632D824-9E26-4A13-91A7-F385A7F41A37}.Release|Any CPU.ActiveCfg = Release|Any CPU
		{D632D824-9E26-4A13-91A7-F385A7F41A37}.Release|Any CPU.Build.0 = Release|Any CPU
	EndGlobalSection
	GlobalSection(SolutionProperties) = preSolution
		HideSolutionNode = FALSE
	EndGlobalSection
	GlobalSection(NestedProjects) = preSolution
		{EE1EEA93-1075-46C3-85AD-0F9C7C73B1D2} = {AED12D2C-B25A-4E49-841D-59807AA565DA}
		{F29D4275-3CBA-442E-B4F8-93D7052FC8C7} = {AED12D2C-B25A-4E49-841D-59807AA565DA}
		{5D283EE4-43C0-4832-AD39-0C442CD58C77} = {AED12D2C-B25A-4E49-841D-59807AA565DA}
		{0139AAAE-8A9F-40FF-9898-3BFD17C0C4C9} = {57BC68CC-FF7D-426B-ABBB-CE4BB454361C}
		{D632D824-9E26-4A13-91A7-F385A7F41A37} = {57BC68CC-FF7D-426B-ABBB-CE4BB454361C}
	EndGlobalSection
	GlobalSection(ExtensibilityGlobals) = postSolution
		SolutionGuid = {9156AD7E-25FC-4B96-AA1A-638171B45CF9}
	EndGlobalSection
EndGlobal
